
Microsoft Visual Studio Solution File, Format Version 12.00
# Visual Studio Version 17
VisualStudioVersion = 17.11.35312.102
MinimumVisualStudioVersion = 10.0.40219.1
Project("{9A19103F-16F7-4668-BE54-9A1E7A4F7556}") = "SmartHub", "SmartHub\SmartHub.csproj", "{2F15C683-E28B-4DA4-B025-9F76DBBC3D4A}"
EndProject
Project("{9A19103F-16F7-4668-BE54-9A1E7A4F7556}") = "SharedResources", "SharedResources\SharedResources.csproj", "{8D362799-3ECC-4D72-BB47-F6EB2E0D7CBB}"
EndProject
Project("{9A19103F-16F7-4668-BE54-9A1E7A4F7556}") = "SharedResourcesWPF", "SharedResourcesWPF\SharedResourcesWPF.csproj", "{2573A89E-681D-4BD7-8280-A37B136FE0F0}"
EndProject
Project("{9A19103F-16F7-4668-BE54-9A1E7A4F7556}") = "SmartFan", "SmartFan\SmartFan.csproj", "{70E0E1AC-39AE-49F1-86D5-A193E0DDF2A1}"
EndProject
Project("{9A19103F-16F7-4668-BE54-9A1E7A4F7556}") = "SmartLight", "SmartLight\SmartLight.csproj", "{E6AE0D79-A968-425E-9EA4-4C07E27894A7}"
EndProject
Project("{9A19103F-16F7-4668-BE54-9A1E7A4F7556}") = "SmartTemperature", "SmartTemperature\SmartTemperature.csproj", "{766EE610-5498-4346-A6A2-0DAF3E324E32}"
EndProject
Project("{9A19103F-16F7-4668-BE54-9A1E7A4F7556}") = "AzureFunctions", "AzureFunctions\AzureFunctions.csproj", "{8C66B56F-E079-43D1-A5C7-2A1417BDA7D8}"
EndProject
Global
	GlobalSection(SolutionConfigurationPlatforms) = preSolution
		Debug|Any CPU = Debug|Any CPU
		Release|Any CPU = Release|Any CPU
	EndGlobalSection
	GlobalSection(ProjectConfigurationPlatforms) = postSolution
		{2F15C683-E28B-4DA4-B025-9F76DBBC3D4A}.Debug|Any CPU.ActiveCfg = Debug|Any CPU
		{2F15C683-E28B-4DA4-B025-9F76DBBC3D4A}.Debug|Any CPU.Build.0 = Debug|Any CPU
		{2F15C683-E28B-4DA4-B025-9F76DBBC3D4A}.Debug|Any CPU.Deploy.0 = Debug|Any CPU
		{2F15C683-E28B-4DA4-B025-9F76DBBC3D4A}.Release|Any CPU.ActiveCfg = Release|Any CPU
		{2F15C683-E28B-4DA4-B025-9F76DBBC3D4A}.Release|Any CPU.Build.0 = Release|Any CPU
		{2F15C683-E28B-4DA4-B025-9F76DBBC3D4A}.Release|Any CPU.Deploy.0 = Release|Any CPU
		{8D362799-3ECC-4D72-BB47-F6EB2E0D7CBB}.Debug|Any CPU.ActiveCfg = Debug|Any CPU
		{8D362799-3ECC-4D72-BB47-F6EB2E0D7CBB}.Debug|Any CPU.Build.0 = Debug|Any CPU
		{8D362799-3ECC-4D72-BB47-F6EB2E0D7CBB}.Release|Any CPU.ActiveCfg = Release|Any CPU
		{8D362799-3ECC-4D72-BB47-F6EB2E0D7CBB}.Release|Any CPU.Build.0 = Release|Any CPU
		{2573A89E-681D-4BD7-8280-A37B136FE0F0}.Debug|Any CPU.ActiveCfg = Debug|Any CPU
		{2573A89E-681D-4BD7-8280-A37B136FE0F0}.Debug|Any CPU.Build.0 = Debug|Any CPU
		{2573A89E-681D-4BD7-8280-A37B136FE0F0}.Release|Any CPU.ActiveCfg = Release|Any CPU
		{2573A89E-681D-4BD7-8280-A37B136FE0F0}.Release|Any CPU.Build.0 = Release|Any CPU
		{70E0E1AC-39AE-49F1-86D5-A193E0DDF2A1}.Debug|Any CPU.ActiveCfg = Debug|Any CPU
		{70E0E1AC-39AE-49F1-86D5-A193E0DDF2A1}.Debug|Any CPU.Build.0 = Debug|Any CPU
		{70E0E1AC-39AE-49F1-86D5-A193E0DDF2A1}.Release|Any CPU.ActiveCfg = Release|Any CPU
		{70E0E1AC-39AE-49F1-86D5-A193E0DDF2A1}.Release|Any CPU.Build.0 = Release|Any CPU
		{E6AE0D79-A968-425E-9EA4-4C07E27894A7}.Debug|Any CPU.ActiveCfg = Debug|Any CPU
		{E6AE0D79-A968-425E-9EA4-4C07E27894A7}.Debug|Any CPU.Build.0 = Debug|Any CPU
		{E6AE0D79-A968-425E-9EA4-4C07E27894A7}.Release|Any CPU.ActiveCfg = Release|Any CPU
		{E6AE0D79-A968-425E-9EA4-4C07E27894A7}.Release|Any CPU.Build.0 = Release|Any CPU
		{766EE610-5498-4346-A6A2-0DAF3E324E32}.Debug|Any CPU.ActiveCfg = Debug|Any CPU
		{766EE610-5498-4346-A6A2-0DAF3E324E32}.Debug|Any CPU.Build.0 = Debug|Any CPU
		{766EE610-5498-4346-A6A2-0DAF3E324E32}.Release|Any CPU.ActiveCfg = Release|Any CPU
		{766EE610-5498-4346-A6A2-0DAF3E324E32}.Release|Any CPU.Build.0 = Release|Any CPU
		{8C66B56F-E079-43D1-A5C7-2A1417BDA7D8}.Debug|Any CPU.ActiveCfg = Debug|Any CPU
		{8C66B56F-E079-43D1-A5C7-2A1417BDA7D8}.Debug|Any CPU.Build.0 = Debug|Any CPU
		{8C66B56F-E079-43D1-A5C7-2A1417BDA7D8}.Release|Any CPU.ActiveCfg = Release|Any CPU
		{8C66B56F-E079-43D1-A5C7-2A1417BDA7D8}.Release|Any CPU.Build.0 = Release|Any CPU
	EndGlobalSection
	GlobalSection(SolutionProperties) = preSolution
		HideSolutionNode = FALSE
	EndGlobalSection
	GlobalSection(ExtensibilityGlobals) = postSolution
		SolutionGuid = {474AF7D9-EA78-4047-8C61-C674A9B14690}
	EndGlobalSection
EndGlobal
